
Microsoft Visual Studio Solution File, Format Version 12.00
# Visual Studio Version 17
VisualStudioVersion = 17.3.32922.545
MinimumVisualStudioVersion = 10.0.40219.1
Project("{FAE04EC0-301F-11D3-BF4B-00C04F79EFBC}") = "TestShoppingCart", "TestShoppingCart\TestShoppingCart.csproj", "{D91980F1-D87B-4736-9617-18CD3517C00A}"
EndProject
Project("{FAE04EC0-301F-11D3-BF4B-00C04F79EFBC}") = "ShoppingCartAPI", "ShoppingCartAPI\ShoppingCartAPI.csproj", "{A9F539A6-40F4-4923-A2D3-1EC593AEBB01}"
EndProject
Project("{FAE04EC0-301F-11D3-BF4B-00C04F79EFBC}") = "ShoppingCart.Models", "ShoppingCart.Models\ShoppingCart.Models.csproj", "{081FEEEB-1925-411D-B40F-55BEF59548BF}"
EndProject
Project("{FAE04EC0-301F-11D3-BF4B-00C04F79EFBC}") = "ShoppingCart.Data", "ShoppingCart.Data\ShoppingCart.Data.csproj", "{8D2FD051-4F96-4E19-B273-401618FC9145}"
EndProject
Project("{FAE04EC0-301F-11D3-BF4B-00C04F79EFBC}") = "ShoppingCart.Application", "ShoppingCart.Application\ShoppingCart.Application.csproj", "{1C9DB913-643E-4AF4-A093-ACF3DEDBE9BE}"
EndProject
Global
	GlobalSection(SolutionConfigurationPlatforms) = preSolution
		Debug|Any CPU = Debug|Any CPU
		Release|Any CPU = Release|Any CPU
	EndGlobalSection
	GlobalSection(ProjectConfigurationPlatforms) = postSolution
		{D91980F1-D87B-4736-9617-18CD3517C00A}.Debug|Any CPU.ActiveCfg = Debug|Any CPU
		{D91980F1-D87B-4736-9617-18CD3517C00A}.Debug|Any CPU.Build.0 = Debug|Any CPU
		{D91980F1-D87B-4736-9617-18CD3517C00A}.Release|Any CPU.ActiveCfg = Release|Any CPU
		{D91980F1-D87B-4736-9617-18CD3517C00A}.Release|Any CPU.Build.0 = Release|Any CPU
		{A9F539A6-40F4-4923-A2D3-1EC593AEBB01}.Debug|Any CPU.ActiveCfg = Debug|Any CPU
		{A9F539A6-40F4-4923-A2D3-1EC593AEBB01}.Debug|Any CPU.Build.0 = Debug|Any CPU
		{A9F539A6-40F4-4923-A2D3-1EC593AEBB01}.Release|Any CPU.ActiveCfg = Release|Any CPU
		{A9F539A6-40F4-4923-A2D3-1EC593AEBB01}.Release|Any CPU.Build.0 = Release|Any CPU
		{081FEEEB-1925-411D-B40F-55BEF59548BF}.Debug|Any CPU.ActiveCfg = Debug|Any CPU
		{081FEEEB-1925-411D-B40F-55BEF59548BF}.Debug|Any CPU.Build.0 = Debug|Any CPU
		{081FEEEB-1925-411D-B40F-55BEF59548BF}.Release|Any CPU.ActiveCfg = Release|Any CPU
		{081FEEEB-1925-411D-B40F-55BEF59548BF}.Release|Any CPU.Build.0 = Release|Any CPU
		{8D2FD051-4F96-4E19-B273-401618FC9145}.Debug|Any CPU.ActiveCfg = Debug|Any CPU
		{8D2FD051-4F96-4E19-B273-401618FC9145}.Debug|Any CPU.Build.0 = Debug|Any CPU
		{8D2FD051-4F96-4E19-B273-401618FC9145}.Release|Any CPU.ActiveCfg = Release|Any CPU
		{8D2FD051-4F96-4E19-B273-401618FC9145}.Release|Any CPU.Build.0 = Release|Any CPU
		{1C9DB913-643E-4AF4-A093-ACF3DEDBE9BE}.Debug|Any CPU.ActiveCfg = Debug|Any CPU
		{1C9DB913-643E-4AF4-A093-ACF3DEDBE9BE}.Debug|Any CPU.Build.0 = Debug|Any CPU
		{1C9DB913-643E-4AF4-A093-ACF3DEDBE9BE}.Release|Any CPU.ActiveCfg = Release|Any CPU
		{1C9DB913-643E-4AF4-A093-ACF3DEDBE9BE}.Release|Any CPU.Build.0 = Release|Any CPU
	EndGlobalSection
	GlobalSection(SolutionProperties) = preSolution
		HideSolutionNode = FALSE
	EndGlobalSection
	GlobalSection(ExtensibilityGlobals) = postSolution
		SolutionGuid = {BA4435A5-7720-4534-8595-166C15C26DC6}
	EndGlobalSection
EndGlobal
